<?xml version="1.0" encoding="utf-8"?>
<Project ToolsVersion="4.0" xmlns="http://schemas.microsoft.com/developer/msbuild/2003">
  <ItemGroup>
    <Filter Include="Source Files">
      <UniqueIdentifier>{4FC737F1-C7A5-4376-A066-2A32D752A2FF}</UniqueIdentifier>
      <Extensions>cpp;c;cc;cxx;c++;cppm;ixx;def;odl;idl;hpj;bat;asm;asmx</Extensions>
    </Filter>
    <Filter Include="Header Files">
      <UniqueIdentifier>{93995380-89BD-4b04-88EB-625FBE52EBFB}</UniqueIdentifier>
      <Extensions>h;hh;hpp;hxx;h++;hm;inl;inc;ipp;xsd</Extensions>
    </Filter>
    <Filter Include="Resource Files">
      <UniqueIdentifier>{67DA6AB6-F800-4c08-8B7A-83BB121AAD01}</UniqueIdentifier>
      <Extensions>rc;ico;cur;bmp;dlg;rc2;rct;bin;rgs;gif;jpg;jpeg;jpe;resx;tiff;tif;png;wav;mfcribbon-ms</Extensions>
    </Filter>
  </ItemGroup>
  <ItemGroup>
    <ClInclude Include="Shared\Tools.hpp">
      <Filter>Header Files</Filter>
    </ClInclude>
    <ClInclude Include="Game\Game.hpp">
      <Filter>Header Files</Filter>
    </ClInclude>
    <ClInclude Include="Engine\Audio.hpp">
      <Filter>Header Files</Filter>
    </ClInclude>
    <ClInclude Include="Engine\Engine.hpp">
      <Filter>Header Files</Filter>
    </ClInclude>
    <ClInclude Include="Engine\GL.hpp">
      <Filter>Header Files</Filter>
    </ClInclude>
    <ClInclude Include="Engine\Map.hpp">
      <Filter>Header Files</Filter>
    </ClInclude>
    <ClInclude Include="Engine\Texture.hpp">
      <Filter>Header Files</Filter>
    </ClInclude>
    <ClInclude Include="Engine\Tools.hpp">
      <Filter>Header Files</Filter>
    </ClInclude>
    <ClInclude Include="enet\include\enet\callbacks.h">
      <Filter>Header Files</Filter>
    </ClInclude>
    <ClInclude Include="enet\include\enet\enet.h">
      <Filter>Header Files</Filter>
    </ClInclude>
    <ClInclude Include="enet\include\enet\list.h">
      <Filter>Header Files</Filter>
    </ClInclude>
    <ClInclude Include="enet\include\enet\protocol.h">
      <Filter>Header Files</Filter>
    </ClInclude>
    <ClInclude Include="enet\include\enet\time.h">
      <Filter>Header Files</Filter>
    </ClInclude>
    <ClInclude Include="enet\include\enet\types.h">
      <Filter>Header Files</Filter>
    </ClInclude>
    <ClInclude Include="enet\include\enet\unix.h">
      <Filter>Header Files</Filter>
    </ClInclude>
    <ClInclude Include="enet\include\enet\utility.h">
      <Filter>Header Files</Filter>
    </ClInclude>
    <ClInclude Include="enet\include\enet\win32.h">
      <Filter>Header Files</Filter>
    </ClInclude>
    <ClInclude Include="Include\enet\callbacks.h">
      <Filter>Header Files</Filter>
    </ClInclude>
    <ClInclude Include="Include\enet\enet.h">
      <Filter>Header Files</Filter>
    </ClInclude>
    <ClInclude Include="Include\enet\list.h">
      <Filter>Header Files</Filter>
    </ClInclude>
    <ClInclude Include="Include\enet\protocol.h">
      <Filter>Header Files</Filter>
    </ClInclude>
    <ClInclude Include="Include\enet\time.h">
      <Filter>Header Files</Filter>
    </ClInclude>
    <ClInclude Include="Include\enet\types.h">
      <Filter>Header Files</Filter>
    </ClInclude>
    <ClInclude Include="Include\enet\unix.h">
      <Filter>Header Files</Filter>
    </ClInclude>
    <ClInclude Include="Include\enet\utility.h">
      <Filter>Header Files</Filter>
    </ClInclude>
    <ClInclude Include="Include\enet\win32.h">
      <Filter>Header Files</Filter>
    </ClInclude>
    <ClInclude Include="Engine\Command.hpp">
      <Filter>Header Files</Filter>
    </ClInclude>
    <ClInclude Include="Engine\Server.hpp">
      <Filter>Header Files</Filter>
    </ClInclude>
    <ClInclude Include="Engine\Network.hpp">
      <Filter>Header Files</Filter>
    </ClInclude>
  </ItemGroup>
  <ItemGroup>
    <ClCompile Include="Game\Client.cpp">
      <Filter>Source Files</Filter>
    </ClCompile>
    <ClCompile Include="Game\Tower.cpp">
      <Filter>Source Files</Filter>
    </ClCompile>
    <ClCompile Include="Engine\Audio.cpp">
      <Filter>Source Files</Filter>
    </ClCompile>
    <ClCompile Include="Engine\Command.cpp">
      <Filter>Source Files</Filter>
    </ClCompile>
    <ClCompile Include="Engine\Console.cpp">
      <Filter>Source Files</Filter>
    </ClCompile>
    <ClCompile Include="Engine\GL.cpp">
      <Filter>Source Files</Filter>
    </ClCompile>
    <ClCompile Include="Engine\InitGL.cpp">
      <Filter>Source Files</Filter>
    </ClCompile>
    <ClCompile Include="Engine\Main.cpp">
      <Filter>Source Files</Filter>
    </ClCompile>
    <ClCompile Include="Engine\Map.cpp">
      <Filter>Source Files</Filter>
    </ClCompile>
    <ClCompile Include="Engine\Text.cpp">
      <Filter>Source Files</Filter>
    </ClCompile>
    <ClCompile Include="Engine\Texture.cpp">
      <Filter>Source Files</Filter>
    </ClCompile>
    <ClCompile Include="enet\callbacks.c">
      <Filter>Source Files</Filter>
    </ClCompile>
    <ClCompile Include="enet\compress.c">
      <Filter>Source Files</Filter>
    </ClCompile>
    <ClCompile Include="enet\host.c">
      <Filter>Source Files</Filter>
    </ClCompile>
    <ClCompile Include="enet\list.c">
      <Filter>Source Files</Filter>
    </ClCompile>
    <ClCompile Include="enet\packet.c">
      <Filter>Source Files</Filter>
    </ClCompile>
    <ClCompile Include="enet\peer.c">
      <Filter>Source Files</Filter>
    </ClCompile>
    <ClCompile Include="enet\protocol.c">
      <Filter>Source Files</Filter>
    </ClCompile>
    <ClCompile Include="enet\win32.c">
      <Filter>Source Files</Filter>
    </ClCompile>
    <ClCompile Include="Game\Server.cpp">
      <Filter>Source Files</Filter>
    </ClCompile>
    <ClCompile Include="Engine\Server-Main.cpp">
      <Filter>Source Files</Filter>
    </ClCompile>
    <ClCompile Include="Engine\Network.cpp">
      <Filter>Source Files</Filter>
    </ClCompile>
  </ItemGroup>
</Project>